<?xml version="1.0" encoding="utf-8"?>
<Project ToolsVersion="4.0" xmlns="http://schemas.microsoft.com/developer/msbuild/2003">
  <ItemGroup>
    <Filter Include="Source Files">
      <UniqueIdentifier>{4FC737F1-C7A5-4376-A066-2A32D752A2FF}</UniqueIdentifier>
      <Extensions>cpp;c;cc;cxx;c++;cppm;ixx;def;odl;idl;hpj;bat;asm;asmx</Extensions>
    </Filter>
    <Filter Include="Header Files">
      <UniqueIdentifier>{93995380-89BD-4b04-88EB-625FBE52EBFB}</UniqueIdentifier>
      <Extensions>h;hh;hpp;hxx;h++;hm;inl;inc;ipp;xsd</Extensions>
    </Filter>
    <Filter Include="Resource Files">
      <UniqueIdentifier>{67DA6AB6-F800-4c08-8B7A-83BB121AAD01}</UniqueIdentifier>
      <Extensions>rc;ico;cur;bmp;dlg;rc2;rct;bin;rgs;gif;jpg;jpeg;jpe;resx;tiff;tif;png;wav;mfcribbon-ms</Extensions>
    </Filter>
    <Filter Include="Source Files\Tests">
      <UniqueIdentifier>{71324ceb-7200-4a60-9354-69921b6a6213}</UniqueIdentifier>
    </Filter>
    <Filter Include="Source Files\Engine">
      <UniqueIdentifier>{ac6ba498-213a-4b57-b1bf-2158b2203c16}</UniqueIdentifier>
    </Filter>
    <Filter Include="Source Files\Physics">
      <UniqueIdentifier>{82e99d1c-8b16-4189-b245-100536ad2c53}</UniqueIdentifier>
    </Filter>
    <Filter Include="Source Files\Physics\Shape">
      <UniqueIdentifier>{03dbd112-69e3-4995-b731-c5a86be1f021}</UniqueIdentifier>
    </Filter>
    <Filter Include="Source Files\Physics\Force">
      <UniqueIdentifier>{bb96d047-1af1-410b-8581-03301f772f5f}</UniqueIdentifier>
    </Filter>
    <Filter Include="Source Files\Physics\Collision">
      <UniqueIdentifier>{b9d2301d-34fe-421b-bf12-dbe0186aca6d}</UniqueIdentifier>
    </Filter>
  </ItemGroup>
  <ItemGroup>
    <ClCompile Include="main.cpp">
      <Filter>Source Files</Filter>
    </ClCompile>
    <ClCompile Include="Physics\Force\AreaForce.cpp">
      <Filter>Source Files\Physics\Force</Filter>
    </ClCompile>
    <ClCompile Include="Physics\Shape\Body.cpp">
      <Filter>Source Files\Physics\Shape</Filter>
    </ClCompile>
    <ClCompile Include="Physics\Shape\CircleShape.cpp">
      <Filter>Source Files\Physics\Shape</Filter>
    </ClCompile>
    <ClCompile Include="Physics\Force\DragForce.cpp">
      <Filter>Source Files\Physics\Force</Filter>
    </ClCompile>
    <ClCompile Include="Physics\Force\ForceGenerator.cpp">
      <Filter>Source Files\Physics\Force</Filter>
    </ClCompile>
    <ClCompile Include="Tests\ForceTest.cpp">
      <Filter>Source Files\Tests</Filter>
    </ClCompile>
    <ClCompile Include="Engine\Graphics.cpp">
      <Filter>Source Files\Engine</Filter>
    </ClCompile>
    <ClCompile Include="Physics\Force\GravForce.cpp">
      <Filter>Source Files\Physics\Force</Filter>
    </ClCompile>
    <ClCompile Include="Physics\GravityField.cpp">
      <Filter>Source Files\Physics\Force</Filter>
    </ClCompile>
    <ClCompile Include="Engine\Input.cpp">
      <Filter>Source Files\Engine</Filter>
    </ClCompile>
    <ClCompile Include="Tests\ParticleTest.cpp">
      <Filter>Source Files\Tests</Filter>
    </ClCompile>
    <ClCompile Include="Tests\JointTest.cpp">
      <Filter>Source Files\Tests</Filter>
    </ClCompile>
    <ClCompile Include="Physics\Force\PointForce.cpp">
      <Filter>Source Files\Physics\Force</Filter>
    </ClCompile>
    <ClCompile Include="Engine\Primitives.cpp">
      <Filter>Source Files\Engine</Filter>
    </ClCompile>
    <ClCompile Include="Tests\Test.cpp">
      <Filter>Source Files\Tests</Filter>
    </ClCompile>
    <ClCompile Include="Engine\Time.cpp">
      <Filter>Source Files\Engine</Filter>
    </ClCompile>
    <ClCompile Include="Engine\World.cpp">
      <Filter>Source Files\Engine</Filter>
    </ClCompile>
    <ClCompile Include="Physics\Joint.cpp">
      <Filter>Source Files\Physics\Shape</Filter>
    </ClCompile>
    <ClCompile Include="Physics\Collision\Contact.h">
      <Filter>Source Files\Physics\Collision</Filter>
    </ClCompile>
    <ClCompile Include="Physics\Collision\Collision.cpp">
      <Filter>Source Files\Physics\Collision</Filter>
    </ClCompile>
    <ClCompile Include="Tests\CollisionTest.h">
      <Filter>Source Files\Tests</Filter>
    </ClCompile>
    <ClCompile Include="Tests\CollisionTest.cpp">
      <Filter>Source Files\Tests</Filter>
    </ClCompile>
  </ItemGroup>
  <ItemGroup>
    <ClInclude Include="Engine\World.h">
      <Filter>Source Files\Engine</Filter>
    </ClInclude>
    <ClInclude Include="Engine\Time.h">
      <Filter>Source Files\Engine</Filter>
    </ClInclude>
    <ClInclude Include="Tests\Test.h">
      <Filter>Source Files\Tests</Filter>
    </ClInclude>
    <ClInclude Include="Physics\Shape\Shape.h">
      <Filter>Source Files\Physics\Shape</Filter>
    </ClInclude>
    <ClInclude Include="Engine\Random.h">
      <Filter>Source Files\Engine</Filter>
    </ClInclude>
    <ClInclude Include="Engine\Primitives.h">
      <Filter>Source Files\Engine</Filter>
    </ClInclude>
    <ClInclude Include="Physics\Force\PointForce.h">
      <Filter>Source Files\Physics\Force</Filter>
    </ClInclude>
    <ClInclude Include="Tests\ParticleTest.h">
      <Filter>Source Files\Tests</Filter>
    </ClInclude>
    <ClInclude Include="Tests\JointTest.h">
      <Filter>Source Files\Tests</Filter>
    </ClInclude>
    <ClInclude Include="Engine\Integrator.h">
      <Filter>Source Files\Engine</Filter>
    </ClInclude>
    <ClInclude Include="Engine\Input.h">
      <Filter>Source Files\Engine</Filter>
    </ClInclude>
    <ClInclude Include="Engine\Graphics.h">
      <Filter>Source Files\Engine</Filter>
    </ClInclude>
    <ClInclude Include="Tests\ForceTest.h">
      <Filter>Source Files\Tests</Filter>
    </ClInclude>
    <ClInclude Include="Physics\Force\ForceGenerator.h">
      <Filter>Source Files\Physics\Force</Filter>
    </ClInclude>
    <ClInclude Include="Physics\Force\DragForce.h">
      <Filter>Source Files\Physics\Force</Filter>
    </ClInclude>
    <ClInclude Include="Physics\Shape\CircleShape.h">
      <Filter>Source Files\Physics\Shape</Filter>
    </ClInclude>
    <ClInclude Include="Physics\Shape\Body.h">
      <Filter>Source Files\Physics\Shape</Filter>
    </ClInclude>
    <ClInclude Include="Physics\Force\AreaForce.h">
      <Filter>Source Files\Physics\Force</Filter>
    </ClInclude>
    <ClInclude Include="Physics\Force\GravForce.h">
      <Filter>Source Files\Physics\Force</Filter>
    </ClInclude>
    <ClInclude Include="Physics\GravityField.h">
      <Filter>Source Files\Physics\Force</Filter>
    </ClInclude>
    <ClInclude Include="Physics\Joint.h">
      <Filter>Source Files\Physics\Shape</Filter>
    </ClInclude>
    <ClInclude Include="Physics\Collision\Collision.h">
      <Filter>Source Files\Physics\Collision</Filter>
    </ClInclude>
  </ItemGroup>
</Project>